#MicroXplorer Configuration settings - do not modify
Mcu.Family=STM32G4
TIM2.Channel-Output\ Compare1\ CH1=TIM_CHANNEL_1
SH.GPXTI1.0=GPIO_EXTI1
ProjectManager.MainLocation=Core/Src
RCC.USART1Freq_Value=64000000
RCC.SAI1Freq_Value=64000000
RCC.CortexFreq_Value=64000000
ProjectManager.KeepUserCode=true
Mcu.UserName=STM32G474VETx
TIM1.IPParameters=Channel-Output Compare1 CH1,Prescaler,PeriodNoDither
ProjectManager.functionlistsort=1-MX_GPIO_Init-GPIO-false-HAL-true,2-SystemClock_Config-RCC-false-HAL-false,3-MX_TIM1_Init-TIM1-false-HAL-true,4-MX_TIM2_Init-TIM2-false-HAL-true,5-MX_TIM4_Init-TIM4-false-HAL-true
RCC.USART2Freq_Value=64000000
SH.S_TIM1_CH1.ConfNb=1
SH.S_TIM4_CH4.ConfNb=1
PA2.GPIOParameters=GPIO_ModeDefaultEXTI
PinOutPanel.RotationAngle=0
RCC.MCO1PinFreq_Value=16000000
RCC.SYSCLKSource=RCC_SYSCLKSOURCE_PLLCLK
ProjectManager.StackSize=0x400
SH.GPXTI2.0=GPIO_EXTI2
RCC.I2C3Freq_Value=64000000
RCC.LPTIM1Freq_Value=64000000
Mcu.IP4=TIM2
RCC.FCLKCortexFreq_Value=64000000
Mcu.IP5=TIM4
NVIC.SVCall_IRQn=true\:0\:0\:false\:false\:true\:false\:false
Mcu.IP2=SYS
Mcu.IP3=TIM1
Mcu.IP0=NVIC
NVIC.EXTI1_IRQn=true\:0\:0\:false\:false\:true\:true\:true
Mcu.IP1=RCC
TIM1.Prescaler=64
Mcu.UserConstants=
Mcu.ThirdPartyNb=0
RCC.HCLKFreq_Value=64000000
RCC.I2C4Freq_Value=64000000
Mcu.IPNb=6
TIM2.IPParameters=Channel-Output Compare1 CH1,Prescaler,PeriodNoDither
ProjectManager.PreviousToolchain=
RCC.APB2TimFreq_Value=64000000
Mcu.Pin6=PE9
Mcu.Pin7=PE10
Mcu.Pin8=PE11
PE10.Locked=true
Mcu.Pin9=PE12
RCC.AHBFreq_Value=64000000
Mcu.Pin0=PA0
Mcu.Pin1=PA1
PE14.Locked=true
GPIO.groupedBy=Group By Peripherals
Mcu.Pin2=PA2
Mcu.Pin3=PA7
RCC.USART3Freq_Value=64000000
Mcu.Pin4=PC4
Mcu.Pin5=PE8
ProjectManager.ProjectBuild=false
RCC.HSE_VALUE=8000000
NVIC.UsageFault_IRQn=true\:0\:0\:false\:false\:true\:false\:false
PA0.Locked=true
NVIC.DebugMonitor_IRQn=true\:0\:0\:false\:false\:true\:false\:false
PB3.Mode=JTAG_4_pins
PA8.Locked=true
RCC.ADC12Freq_Value=64000000
NVIC.SysTick_IRQn=true\:0\:0\:false\:false\:true\:false\:true
PA15.Mode=JTAG_4_pins
ProjectManager.FirmwarePackage=STM32Cube FW_G4 V1.4.0
MxDb.Version=DB.6.0.21
PE15.Locked=true
TIM2.PeriodNoDither=1000
PA1.GPIOParameters=GPIO_ModeDefaultEXTI
PE13.Signal=GPIO_Output
ProjectManager.BackupPrevious=false
RCC.VCOInputFreq_Value=16000000
PE9.Signal=GPIO_Output
PA14.Mode=JTAG_4_pins
PE8.Locked=true
PE9.Locked=true
NVIC.TIM2_IRQn=true\:0\:0\:false\:false\:true\:true\:true
File.Version=6
VP_SYS_VS_DBSignals.Mode=DisableDeadBatterySignals
SH.S_TIM2_CH1.ConfNb=1
PA8.Signal=S_TIM1_CH1
RCC.PLLRCLKFreq_Value=64000000
NVIC.PendSV_IRQn=true\:0\:0\:false\:false\:true\:false\:false
PE10.Signal=GPIO_Output
ProjectManager.HalAssertFull=false
ProjectManager.ProjectName=ELEMENTARY_STM32G474VET
RCC.CRSFreq_Value=48000000
PA0.Signal=S_TIM2_CH1
Mcu.Package=LQFP100
TIM2.Prescaler=64
PA7.Locked=true
TIM4.PulseNoDither_4=1000
ProjectManager.ToolChainLocation=
RCC.LSI_VALUE=32000
VP_SYS_VS_Systick.Signal=SYS_VS_Systick
RCC.LSCOPinFreq_Value=32000
PA15.Signal=SYS_JTDI
NVIC.EXTI2_IRQn=true\:0\:0\:false\:false\:true\:true\:true
RCC.PLLPoutputFreq_Value=64000000
RCC.APB1TimFreq_Value=64000000
NVIC.BusFault_IRQn=true\:0\:0\:false\:false\:true\:false\:false
PC4.Locked=true
RCC.LPUART1Freq_Value=64000000
TIM4.Channel-PWM\ Generation4\ CH4=TIM_CHANNEL_4
PA1.GPIO_ModeDefaultEXTI=GPIO_MODE_IT_RISING
PE12.Locked=true
PD15.Signal=S_TIM4_CH4
ProjectManager.CustomerFirmwarePackage=
RCC.HSI48_VALUE=48000000
RCC.HRTIM1Freq_Value=64000000
PA2.Locked=true
RCC.I2SFreq_Value=64000000
RCC.PLLQoutputFreq_Value=64000000
ProjectManager.ProjectFileName=ELEMENTARY_STM32G474VET.ioc
SH.S_TIM2_CH1.0=TIM2_CH1,Output Compare1 CH1
Mcu.PinsNb=21
ProjectManager.NoMain=false
SH.S_TIM4_CH4.0=TIM4_CH4,PWM Generation4 CH4
TIM4.PeriodNoDither=1000
PC4.Signal=GPIO_Input
RCC.EXTERNAL_CLOCK_VALUE=12288000
ProjectManager.DefaultFWLocation=true
ProjectManager.DeletePrevious=true
RCC.QSPIFreq_Value=64000000
RCC.FamilyName=M
PA13.Signal=SYS_JTMS-SWDIO
SH.S_TIM1_CH1.0=TIM1_CH1,Output Compare1 CH1
SH.GPXTI2.ConfNb=1
ProjectManager.TargetToolchain=STM32CubeIDE
TIM4.IPParameters=Channel-PWM Generation4 CH4,Prescaler,PeriodNoDither,PulseNoDither_4
ProjectManager.RegisterCallBack=
RCC.USBFreq_Value=64000000
TIM4.Prescaler=64
PE11.Signal=GPIO_Output
RCC.LSE_VALUE=32768
PA1.Signal=GPXTI1
board=custom
RCC.VCOOutputFreq_Value=128000000
ProjectManager.LastFirmware=true
RCC.ADC345Freq_Value=64000000
RCC.APB2Freq_Value=64000000
PE14.Signal=GPIO_Output
RCC.UART4Freq_Value=64000000
PE15.Signal=GPIO_Output
MxCube.Version=6.2.1
RCC.I2C1Freq_Value=64000000
PE8.Signal=GPIO_Output
VP_SYS_VS_DBSignals.Signal=SYS_VS_DBSignals
RCC.FDCANFreq_Value=64000000
RCC.RNGFreq_Value=64000000
VP_SYS_VS_Systick.Mode=SysTick
NVIC.NonMaskableInt_IRQn=true\:0\:0\:false\:false\:true\:false\:false
RCC.UART5Freq_Value=64000000
PA13.Mode=JTAG_4_pins
ProjectManager.FreePins=false
RCC.IPParameters=ADC12Freq_Value,ADC345Freq_Value,AHBFreq_Value,APB1Freq_Value,APB1TimFreq_Value,APB2Freq_Value,APB2TimFreq_Value,CRSFreq_Value,CortexFreq_Value,EXTERNAL_CLOCK_VALUE,FCLKCortexFreq_Value,FDCANFreq_Value,FamilyName,HCLKFreq_Value,HRTIM1Freq_Value,HSE_VALUE,HSI48_VALUE,HSI_VALUE,I2C1Freq_Value,I2C2Freq_Value,I2C3Freq_Value,I2C4Freq_Value,I2SFreq_Value,LPTIM1Freq_Value,LPUART1Freq_Value,LSCOPinFreq_Value,LSE_VALUE,LSI_VALUE,MCO1PinFreq_Value,PLLPoutputFreq_Value,PLLQoutputFreq_Value,PLLRCLKFreq_Value,PWRFreq_Value,QSPIFreq_Value,RNGFreq_Value,SAI1Freq_Value,SYSCLKFreq_VALUE,SYSCLKSource,UART4Freq_Value,UART5Freq_Value,USART1Freq_Value,USART2Freq_Value,USART3Freq_Value,USBFreq_Value,VCOInputFreq_Value,VCOOutputFreq_Value
PE11.Locked=true
ProjectManager.AskForMigrate=true
Mcu.Name=STM32G474V(B-C-E)Tx
PE12.Signal=GPIO_Output
PA2.Signal=GPXTI2
ProjectManager.UnderRoot=true
PE13.Locked=true
ProjectManager.CoupleFile=false
PB3.Signal=SYS_JTDO-SWO
RCC.SYSCLKFreq_VALUE=64000000
PA1.Locked=true
Mcu.Pin20=VP_SYS_VS_DBSignals
NVIC.ForceEnableDMAVector=true
KeepUserPlacement=false
NVIC.MemoryManagement_IRQn=true\:0\:0\:false\:false\:true\:false\:false
ProjectManager.CompilerOptimize=6
PD15.Locked=true
PA14.Signal=SYS_JTCK-SWCLK
ProjectManager.HeapSize=0x200
Mcu.Pin15=PA13
NVIC.HardFault_IRQn=true\:0\:0\:false\:false\:true\:false\:false
Mcu.Pin16=PA14
TIM1.Channel-Output\ Compare1\ CH1=TIM_CHANNEL_1
Mcu.Pin13=PD15
Mcu.Pin14=PA8
Mcu.Pin19=VP_SYS_VS_Systick
ProjectManager.ComputerToolchain=false
Mcu.Pin17=PA15
RCC.HSI_VALUE=16000000
Mcu.Pin18=PB3
PA2.GPIO_ModeDefaultEXTI=GPIO_MODE_IT_FALLING
NVIC.TIM1_UP_TIM16_IRQn=true\:0\:0\:false\:false\:true\:true\:true
NVIC.PriorityGroup=NVIC_PRIORITYGROUP_4
Mcu.Pin11=PE14
Mcu.Pin12=PE15
Mcu.Pin10=PE13
RCC.PWRFreq_Value=64000000
SH.GPXTI1.ConfNb=1
RCC.I2C2Freq_Value=64000000
NVIC.TIM4_IRQn=true\:0\:0\:false\:false\:true\:true\:true
RCC.APB1Freq_Value=64000000
ProjectManager.DeviceId=STM32G474VETx
ProjectManager.LibraryCopy=1
TIM1.PeriodNoDither=1000
PA7.Signal=GPIO_Input
isbadioc=false
