#MicroXplorer Configuration settings - do not modify
Mcu.Family=STM32F1
TIM2.Channel-Output\ Compare1\ CH1=TIM_CHANNEL_1
SH.GPXTI1.0=GPIO_EXTI1
ProjectManager.MainLocation=Core/Src
RCC.MCOFreq_Value=36000000
RCC.PLL3VCOoutputFreqValue=400000000
ProjectManager.ProjectFileName=ELEMENTARY_STM32F107VCT.ioc
ProjectManager.KeepUserCode=true
Mcu.UserName=STM32F107VCTx
Mcu.PinsNb=20
ProjectManager.NoMain=false
TIM1.IPParameters=Channel-Output Compare1 CH1,Prescaler,Period
SH.S_TIM4_CH4.0=TIM4_CH4,PWM Generation4 CH4
RCC.PLLCLKFreq_Value=36000000
ProjectManager.functionlistsort=1-MX_GPIO_Init-GPIO-false-HAL-true,2-SystemClock_Config-RCC-false-HAL-false,3-MX_TIM1_Init-TIM1-false-HAL-true,4-MX_TIM2_Init-TIM2-false-HAL-true
PC4.Signal=GPIO_Input
RCC.ADCFreqValue=18000000
ProjectManager.DefaultFWLocation=true
ProjectManager.DeletePrevious=true
SH.S_TIM1_CH1.ConfNb=1
SH.S_TIM4_CH4.ConfNb=1
PA2.GPIOParameters=GPIO_ModeDefaultEXTI
SH.S_TIM2_CH1_ETR.ConfNb=1
PinOutPanel.RotationAngle=0
RCC.FamilyName=M
RCC.I2S3Freq_Value=36000000
RCC.SYSCLKSource=RCC_SYSCLKSOURCE_PLLCLK
ProjectManager.StackSize=0x400
PA0-WKUP.Signal=S_TIM2_CH1_ETR
SH.GPXTI2.0=GPIO_EXTI2
PA13.Signal=SYS_JTMS-SWDIO
Mcu.IP4=TIM2
RCC.FCLKCortexFreq_Value=36000000
Mcu.IP5=TIM4
NVIC.SVCall_IRQn=true\:0\:0\:false\:false\:true\:false\:false
Mcu.IP2=SYS
Mcu.IP3=TIM1
Mcu.IP0=NVIC
NVIC.EXTI1_IRQn=true\:0\:0\:false\:false\:true\:true\:true
Mcu.IP1=RCC
TIM1.Prescaler=36
SH.S_TIM1_CH1.0=TIM1_CH1,Output Compare1 CH1
SH.GPXTI2.ConfNb=1
Mcu.UserConstants=
ProjectManager.TargetToolchain=STM32CubeIDE
TIM4.IPParameters=Channel-PWM Generation4 CH4,Prescaler,Period,Pulse-PWM Generation4 CH4
Mcu.ThirdPartyNb=0
RCC.HCLKFreq_Value=36000000
Mcu.IPNb=6
TIM2.IPParameters=Channel-Output Compare1 CH1,Prescaler,Period
ProjectManager.PreviousToolchain=
RCC.APB2TimFreq_Value=36000000
Mcu.Pin6=PE9
Mcu.Pin7=PE10
ProjectManager.RegisterCallBack=
PE10.Locked=true
Mcu.Pin8=PE11
RCC.USBFreq_Value=24000000
Mcu.Pin9=PE12
TIM4.Prescaler=36
PE11.Signal=GPIO_Output
PA1.Signal=GPXTI1
RCC.AHBFreq_Value=36000000
Mcu.Pin0=PA0-WKUP
Mcu.Pin1=PA1
PE14.Locked=true
GPIO.groupedBy=Group By Peripherals
Mcu.Pin2=PA2
Mcu.Pin3=PA7
Mcu.Pin4=PC4
Mcu.Pin5=PE8
ProjectManager.ProjectBuild=false
RCC.HSE_VALUE=25000000
NVIC.UsageFault_IRQn=true\:0\:0\:false\:false\:true\:false\:false
RCC.PLL3CLKoutputFreqValue=200000000
NVIC.DebugMonitor_IRQn=true\:0\:0\:false\:false\:true\:false\:false
PB3.Mode=JTAG_4_pins
board=custom
PA15.Mode=JTAG_4_pins
NVIC.SysTick_IRQn=true\:0\:0\:false\:false\:true\:false\:true
ProjectManager.LastFirmware=true
RCC.PLLMUL=RCC_PLL_MUL9
TIM4.Pulse-PWM\ Generation4\ CH4=1000
RCC.VCOOutput2Freq_Value=4000000
ProjectManager.FirmwarePackage=STM32Cube FW_F1 V1.8.4
MxDb.Version=DB.6.0.21
PE15.Locked=true
RCC.APB2Freq_Value=36000000
PE14.Signal=GPIO_Output
PA1.GPIOParameters=GPIO_ModeDefaultEXTI
PE13.Signal=GPIO_Output
PE15.Signal=GPIO_Output
ProjectManager.BackupPrevious=false
MxCube.Version=6.2.1
PE8.Signal=GPIO_Output
PE9.Signal=GPIO_Output
PA14.Mode=JTAG_4_pins
PE8.Locked=true
PE9.Locked=true
NVIC.TIM2_IRQn=true\:0\:0\:false\:false\:true\:true\:true
File.Version=6
VP_SYS_VS_Systick.Mode=SysTick
PA8.Signal=S_TIM1_CH1
NVIC.NonMaskableInt_IRQn=true\:0\:0\:false\:false\:true\:false\:false
NVIC.PendSV_IRQn=true\:0\:0\:false\:false\:true\:false\:false
TIM2.Period=1000
TIM4.Period=1000
PA13.Mode=JTAG_4_pins
ProjectManager.FreePins=false
RCC.IPParameters=ADCFreqValue,AHBFreq_Value,APB1Freq_Value,APB1TimFreq_Value,APB2Freq_Value,APB2TimFreq_Value,FCLKCortexFreq_Value,FamilyName,HCLKFreq_Value,HSE_VALUE,I2S2Freq_Value,I2S3Freq_Value,MCOFreq_Value,PLL2CLKoutputFreqValue,PLL2VCOoutputFreqValue,PLL3CLKoutputFreqValue,PLL3VCOoutputFreqValue,PLLCLKFreq_Value,PLLMUL,Prediv2FreqValue,SYSCLKFreq_VALUE,SYSCLKSource,TimSysFreq_Value,USBFreq_Value,VCOOutput2Freq_Value
PE10.Signal=GPIO_Output
PE11.Locked=true
ProjectManager.AskForMigrate=true
Mcu.Name=STM32F107V(B-C)Tx
ProjectManager.HalAssertFull=false
PE12.Signal=GPIO_Output
PA2.Signal=GPXTI2
ProjectManager.ProjectName=ELEMENTARY_STM32F107VCT
ProjectManager.UnderRoot=true
PE13.Locked=true
ProjectManager.CoupleFile=false
PB3.Signal=SYS_JTDO
RCC.SYSCLKFreq_VALUE=36000000
Mcu.Package=LQFP100
TIM2.Prescaler=36
RCC.TimSysFreq_Value=36000000
PA1.Locked=true
PA7.Locked=true
RCC.I2S2Freq_Value=36000000
NVIC.ForceEnableDMAVector=true
KeepUserPlacement=false
NVIC.MemoryManagement_IRQn=true\:0\:0\:false\:false\:true\:false\:false
ProjectManager.CompilerOptimize=6
ProjectManager.ToolChainLocation=
PD15.Locked=true
VP_SYS_VS_Systick.Signal=SYS_VS_Systick
SH.S_TIM2_CH1_ETR.0=TIM2_CH1,Output Compare1 CH1
PA14.Signal=SYS_JTCK-SWCLK
PA15.Signal=SYS_JTDI
ProjectManager.HeapSize=0x200
Mcu.Pin15=PA13
NVIC.HardFault_IRQn=true\:0\:0\:false\:false\:true\:false\:false
RCC.PLL2CLKoutputFreqValue=200000000
Mcu.Pin16=PA14
TIM1.Channel-Output\ Compare1\ CH1=TIM_CHANNEL_1
Mcu.Pin13=PD15
Mcu.Pin14=PA8
Mcu.Pin19=VP_SYS_VS_Systick
ProjectManager.ComputerToolchain=false
Mcu.Pin17=PA15
Mcu.Pin18=PB3
PA2.GPIO_ModeDefaultEXTI=GPIO_MODE_IT_FALLING
NVIC.PriorityGroup=NVIC_PRIORITYGROUP_4
Mcu.Pin11=PE14
Mcu.Pin12=PE15
NVIC.EXTI2_IRQn=true\:0\:0\:false\:false\:true\:true\:true
Mcu.Pin10=PE13
RCC.APB1TimFreq_Value=36000000
NVIC.BusFault_IRQn=true\:0\:0\:false\:false\:true\:false\:false
PC4.Locked=true
TIM1.Period=1000
SH.GPXTI1.ConfNb=1
TIM4.Channel-PWM\ Generation4\ CH4=TIM_CHANNEL_4
RCC.APB1Freq_Value=36000000
PA1.GPIO_ModeDefaultEXTI=GPIO_MODE_IT_RISING
RCC.PLL2VCOoutputFreqValue=400000000
PE12.Locked=true
PD15.Signal=S_TIM4_CH4
ProjectManager.CustomerFirmwarePackage=
ProjectManager.DeviceId=STM32F107VCTx
ProjectManager.LibraryCopy=1
RCC.Prediv2FreqValue=25000000
PA7.Signal=GPIO_Input
PA2.Locked=true
isbadioc=false
